
Microsoft Visual Studio Solution File, Format Version 12.00
# Visual Studio Version 17
VisualStudioVersion = 17.11.35312.102
MinimumVisualStudioVersion = 10.0.40219.1
Project("{FAE04EC0-301F-11D3-BF4B-00C04F79EFBC}") = "AlertSending", "AlertSending\AlertSending.csproj", "{3750AF97-5D3B-4579-B76D-FCBCADB3C8BD}"
EndProject
Global
	GlobalSection(SolutionConfigurationPlatforms) = preSolution
		Debug|Any CPU = Debug|Any CPU
		Release|Any CPU = Release|Any CPU
	EndGlobalSection
	GlobalSection(ProjectConfigurationPlatforms) = postSolution
		{3750AF97-5D3B-4579-B76D-FCBCADB3C8BD}.Debug|Any CPU.ActiveCfg = Debug|Any CPU
		{3750AF97-5D3B-4579-B76D-FCBCADB3C8BD}.Debug|Any CPU.Build.0 = Debug|Any CPU
		{3750AF97-5D3B-4579-B76D-FCBCADB3C8BD}.Release|Any CPU.ActiveCfg = Release|Any CPU
		{3750AF97-5D3B-4579-B76D-FCBCADB3C8BD}.Release|Any CPU.Build.0 = Release|Any CPU
	EndGlobalSection
	GlobalSection(SolutionProperties) = preSolution
		HideSolutionNode = FALSE
	EndGlobalSection
	GlobalSection(ExtensibilityGlobals) = postSolution
		SolutionGuid = {C36A1BDE-D823-4EAB-ACE8-C3CDB518F907}
	EndGlobalSection
EndGlobal
